
Microsoft Visual Studio Solution File, Format Version 12.00
# Visual Studio 14
VisualStudioVersion = 14.0.25123.0
MinimumVisualStudioVersion = 10.0.40219.1
Project("{FAE04EC0-301F-11D3-BF4B-00C04F79EFBC}") = "KCVDB.LocalAnalyze(x64)", "KCVDB.LocalAnalyze\KCVDB.LocalAnalyze(x64).csproj", "{F376678B-2C2C-46D4-9DE0-57302D0F9498}"
EndProject
Project("{FAE04EC0-301F-11D3-BF4B-00C04F79EFBC}") = "KCVDB.LocalAnalyze.Test", "KCVDB.LocalAnalyze.Test\KCVDB.LocalAnalyze.Test.csproj", "{9AD68340-BE12-47B5-85DC-92E8669ACD89}"
EndProject
Project("{FAE04EC0-301F-11D3-BF4B-00C04F79EFBC}") = "SevenZip", "Nomad.Archive.SevenZip\SevenZip.csproj", "{FB4299E9-2F4F-494E-AAEB-44779E930F07}"
EndProject
Global
	GlobalSection(SolutionConfigurationPlatforms) = preSolution
		Debug|Any CPU = Debug|Any CPU
		Debug|x64 = Debug|x64
		Release|Any CPU = Release|Any CPU
		Release|x64 = Release|x64
	EndGlobalSection
	GlobalSection(ProjectConfigurationPlatforms) = postSolution
		{F376678B-2C2C-46D4-9DE0-57302D0F9498}.Debug|Any CPU.ActiveCfg = Debug|Any CPU
		{F376678B-2C2C-46D4-9DE0-57302D0F9498}.Debug|Any CPU.Build.0 = Debug|Any CPU
		{F376678B-2C2C-46D4-9DE0-57302D0F9498}.Debug|x64.ActiveCfg = Debug|x64
		{F376678B-2C2C-46D4-9DE0-57302D0F9498}.Debug|x64.Build.0 = Debug|x64
		{F376678B-2C2C-46D4-9DE0-57302D0F9498}.Release|Any CPU.ActiveCfg = Release|Any CPU
		{F376678B-2C2C-46D4-9DE0-57302D0F9498}.Release|Any CPU.Build.0 = Release|Any CPU
		{F376678B-2C2C-46D4-9DE0-57302D0F9498}.Release|x64.ActiveCfg = Release|x64
		{F376678B-2C2C-46D4-9DE0-57302D0F9498}.Release|x64.Build.0 = Release|x64
		{9AD68340-BE12-47B5-85DC-92E8669ACD89}.Debug|Any CPU.ActiveCfg = Debug|Any CPU
		{9AD68340-BE12-47B5-85DC-92E8669ACD89}.Debug|Any CPU.Build.0 = Debug|Any CPU
		{9AD68340-BE12-47B5-85DC-92E8669ACD89}.Debug|x64.ActiveCfg = Debug|Any CPU
		{9AD68340-BE12-47B5-85DC-92E8669ACD89}.Debug|x64.Build.0 = Debug|Any CPU
		{9AD68340-BE12-47B5-85DC-92E8669ACD89}.Release|Any CPU.ActiveCfg = Release|Any CPU
		{9AD68340-BE12-47B5-85DC-92E8669ACD89}.Release|Any CPU.Build.0 = Release|Any CPU
		{9AD68340-BE12-47B5-85DC-92E8669ACD89}.Release|x64.ActiveCfg = Release|Any CPU
		{9AD68340-BE12-47B5-85DC-92E8669ACD89}.Release|x64.Build.0 = Release|Any CPU
		{FB4299E9-2F4F-494E-AAEB-44779E930F07}.Debug|Any CPU.ActiveCfg = Debug|Any CPU
		{FB4299E9-2F4F-494E-AAEB-44779E930F07}.Debug|Any CPU.Build.0 = Debug|Any CPU
		{FB4299E9-2F4F-494E-AAEB-44779E930F07}.Debug|x64.ActiveCfg = Debug|Any CPU
		{FB4299E9-2F4F-494E-AAEB-44779E930F07}.Debug|x64.Build.0 = Debug|Any CPU
		{FB4299E9-2F4F-494E-AAEB-44779E930F07}.Release|Any CPU.ActiveCfg = Release|Any CPU
		{FB4299E9-2F4F-494E-AAEB-44779E930F07}.Release|Any CPU.Build.0 = Release|Any CPU
		{FB4299E9-2F4F-494E-AAEB-44779E930F07}.Release|x64.ActiveCfg = Release|Any CPU
		{FB4299E9-2F4F-494E-AAEB-44779E930F07}.Release|x64.Build.0 = Release|Any CPU
	EndGlobalSection
	GlobalSection(SolutionProperties) = preSolution
		HideSolutionNode = FALSE
	EndGlobalSection
EndGlobal
